
Microsoft Visual Studio Solution File, Format Version 12.00
# Visual Studio 14
VisualStudioVersion = 14.0.25420.1
MinimumVisualStudioVersion = 10.0.40219.1
Project("{FAE04EC0-301F-11D3-BF4B-00C04F79EFBC}") = "Report", "Report\Report.csproj", "{5EEFF52D-4B1B-4FA3-8317-04DAC8059491}"
EndProject
Project("{FAE04EC0-301F-11D3-BF4B-00C04F79EFBC}") = "Report.Tests", "Report.Tests\Report.Tests.csproj", "{2D3334DF-5C32-4E16-BCA9-DC5E51E82C28}"
EndProject
Global
	GlobalSection(SolutionConfigurationPlatforms) = preSolution
		Debug|Any CPU = Debug|Any CPU
		Release|Any CPU = Release|Any CPU
	EndGlobalSection
	GlobalSection(ProjectConfigurationPlatforms) = postSolution
		{5EEFF52D-4B1B-4FA3-8317-04DAC8059491}.Debug|Any CPU.ActiveCfg = Debug|Any CPU
		{5EEFF52D-4B1B-4FA3-8317-04DAC8059491}.Debug|Any CPU.Build.0 = Debug|Any CPU
		{5EEFF52D-4B1B-4FA3-8317-04DAC8059491}.Release|Any CPU.ActiveCfg = Release|Any CPU
		{5EEFF52D-4B1B-4FA3-8317-04DAC8059491}.Release|Any CPU.Build.0 = Release|Any CPU
		{2D3334DF-5C32-4E16-BCA9-DC5E51E82C28}.Debug|Any CPU.ActiveCfg = Debug|Any CPU
		{2D3334DF-5C32-4E16-BCA9-DC5E51E82C28}.Debug|Any CPU.Build.0 = Debug|Any CPU
		{2D3334DF-5C32-4E16-BCA9-DC5E51E82C28}.Release|Any CPU.ActiveCfg = Release|Any CPU
		{2D3334DF-5C32-4E16-BCA9-DC5E51E82C28}.Release|Any CPU.Build.0 = Release|Any CPU
	EndGlobalSection
	GlobalSection(SolutionProperties) = preSolution
		HideSolutionNode = FALSE
	EndGlobalSection
EndGlobal
